<?xml version="1.0" encoding="utf-8"?>
<Project ToolsVersion="4.0" xmlns="http://schemas.microsoft.com/developer/msbuild/2003">
  <ItemGroup>
    <ClCompile Include="App.cpp" />
    <ClCompile Include="main.cpp" />
    <ClCompile Include="SDLEvent.cpp" />
    <ClCompile Include="Renderer.cpp" />
    <ClCompile Include="error_manager.cpp" />
    <ClCompile Include="Engine\math\math_utilities.cpp" />
    <ClCompile Include="Engine\math\Vector2.cpp" />
    <ClCompile Include="Engine\math\Vector3.cpp" />
    <ClCompile Include="Engine\math\Vector4.cpp" />
    <ClCompile Include="Engine\utilities\TimeManager.cpp" />
    <ClCompile Include="Engine\math\Matrix4.cpp" />
    <ClCompile Include="Engine\core\game_object.cpp" />
    <ClCompile Include="Engine\core\Component.cpp" />
    <ClCompile Include="Engine\core\unique_id.cpp" />
    <ClCompile Include="shader_utilities.cpp" />
    <ClCompile Include="texture_manager.cpp" />
    <ClCompile Include="Engine\utilities\input_manager.cpp" />
    <ClCompile Include="Engine\core\ball.hpp" />
  </ItemGroup>
  <ItemGroup>
    <ClInclude Include="App.hpp" />
    <ClInclude Include="SDLEvent.hpp" />
    <ClInclude Include="Renderer.hpp" />
    <ClInclude Include="Engine\core\IRender.hpp" />
    <ClInclude Include="Engine\core\IUpdate.hpp" />
    <ClInclude Include="Engine\core\Component.hpp" />
    <ClInclude Include="Engine\core\game_object.hpp" />
    <ClInclude Include="Engine\core\unique_id.hpp" />
    <ClInclude Include="error_manager.hpp" />
    <ClInclude Include="Engine\math\math_utilities.hpp" />
    <ClInclude Include="Engine\math\Vector2.hpp" />
    <ClInclude Include="Engine\math\Vector3.hpp" />
    <ClInclude Include="Engine\math\Vector4.hpp" />
    <ClInclude Include="Engine\utilities\TimeManager.hpp" />
    <ClInclude Include="Engine\utilities\stb_image.h" />
    <ClInclude Include="Engine\math\Matrix4.hpp" />
    <ClInclude Include="shader_utilities.hpp" />
    <ClInclude Include="texture_manager.hpp" />
    <ClInclude Include="Engine\utilities\input_manager.hpp" />
    <ClInclude Include="Engine\core\block.hpp" />
    <ClInclude Include="Game\Game.hpp" />
  </ItemGroup>
  <ItemGroup>
    <Filter Include="Engine">
      <UniqueIdentifier>{6f9fb37f-e47b-46c3-8209-dbf486018555}</UniqueIdentifier>
    </Filter>
    <Filter Include="Engine\Source files">
      <UniqueIdentifier>{0a3ec513-922c-4b14-83e3-98e1934fea74}</UniqueIdentifier>
    </Filter>
    <Filter Include="Engine\Header files">
      <UniqueIdentifier>{da8cc683-e66e-46b9-be58-7d0e16e23f76}</UniqueIdentifier>
    </Filter>
  </ItemGroup>
  <ItemGroup>
    <None Include="Engine\shaders\frag.glsl" />
    <None Include="Engine\shaders\vertex.glsl" />
  </ItemGroup>
  <ItemGroup>
    <Image Include="Game\assets\test.png" />
    <Image Include="Game\assets\awesomeface.png" />
  </ItemGroup>
</Project>