<?xml version="1.0" encoding="utf-8"?>
<Project ToolsVersion="4.0" xmlns="http://schemas.microsoft.com/developer/msbuild/2003">
  <ItemGroup>
    <ClCompile Include="App.cpp" />
    <ClCompile Include="main.cpp" />
    <ClCompile Include="SDLEvent.cpp" />
    <ClCompile Include="Engine\math\math_utilities.cpp" />
    <ClCompile Include="Engine\math\Vector2.cpp" />
    <ClCompile Include="Engine\math\Vector3.cpp" />
    <ClCompile Include="Engine\math\Vector4.cpp" />
    <ClCompile Include="Engine\utilities\TimeManager.cpp" />
    <ClCompile Include="Engine\core\game_object.cpp" />
    <ClCompile Include="Engine\core\Component.cpp" />
    <ClCompile Include="Engine\core\unique_id.cpp" />
    <ClCompile Include="Engine\utilities\input_manager.cpp" />
    <ClCompile Include="Game.cpp" />
    <ClCompile Include="Engine\utilities\shader_utilities.cpp" />
    <ClCompile Include="Engine\utilities\error_manager.cpp" />
    <ClCompile Include="Engine\core\Renderer.cpp" />
    <ClCompile Include="Engine\utilities\color.cpp" />
    <ClCompile Include="Engine\core\vertex_object.cpp" />
    <ClCompile Include="Engine\utilities\palette.cpp" />
    <ClCompile Include="Engine\math\matrix_4.cpp" />
    <ClCompile Include="Engine\components\velocity.cpp" />
    <ClCompile Include="Engine\components\model_matrix.cpp" />
    <ClCompile Include="Game\objects\block.cpp" />
    <ClCompile Include="Game\objects\ball.cpp" />
    <ClCompile Include="Engine\utilities\texture_manager.cpp" />
    <ClCompile Include="Game\objects\scene.cpp" />
    <ClCompile Include="Game\objects\paddle.cpp" />
    <ClCompile Include="game_level.cpp" />
    <ClCompile Include="Engine\components\collision_component.cpp" />
    <ClCompile Include="Game\objects\background.cpp" />
  </ItemGroup>
  <ItemGroup>
    <ClInclude Include="App.hpp" />
    <ClInclude Include="SDLEvent.hpp" />
    <ClInclude Include="Engine\core\IRender.hpp" />
    <ClInclude Include="Engine\core\IUpdate.hpp" />
    <ClInclude Include="Engine\core\Component.hpp" />
    <ClInclude Include="Engine\core\game_object.hpp" />
    <ClInclude Include="Engine\core\unique_id.hpp" />
    <ClInclude Include="Engine\math\math_utilities.hpp" />
    <ClInclude Include="Engine\math\Vector2.hpp" />
    <ClInclude Include="Engine\math\Vector3.hpp" />
    <ClInclude Include="Engine\math\Vector4.hpp" />
    <ClInclude Include="Engine\utilities\TimeManager.hpp" />
    <ClInclude Include="Engine\utilities\stb_image.h" />
    <ClInclude Include="Engine\utilities\input_manager.hpp" />
    <ClInclude Include="Game.hpp" />
    <ClInclude Include="Engine\utilities\shader_utilities.hpp" />
    <ClInclude Include="Engine\utilities\error_manager.hpp" />
    <ClInclude Include="Engine\core\Renderer.hpp" />
    <ClInclude Include="Engine\utilities\color.hpp" />
    <ClInclude Include="Engine\core\vertex_object.hpp" />
    <ClInclude Include="Engine\utilities\palette.hpp" />
    <ClInclude Include="Engine\math\matrix_4.hpp" />
    <ClInclude Include="Engine\components\velocity.hpp" />
    <ClInclude Include="Engine\components\model_matrix.hpp" />
    <ClInclude Include="Game\objects\block.hpp" />
    <ClInclude Include="Game\objects\ball.hpp" />
    <ClInclude Include="Engine\utilities\texture_manager.hpp" />
    <ClInclude Include="Game\objects\scene.hpp" />
    <ClInclude Include="Game\objects\paddle.hpp" />
    <ClInclude Include="game_level.hpp" />
    <ClInclude Include="Engine\components\collision_component.hpp" />
    <ClInclude Include="Game\objects\background.hpp" />
  </ItemGroup>
  <ItemGroup>
    <Filter Include="Engine">
      <UniqueIdentifier>{6f9fb37f-e47b-46c3-8209-dbf486018555}</UniqueIdentifier>
    </Filter>
    <Filter Include="Engine\Source files">
      <UniqueIdentifier>{0a3ec513-922c-4b14-83e3-98e1934fea74}</UniqueIdentifier>
    </Filter>
    <Filter Include="Engine\Header files">
      <UniqueIdentifier>{da8cc683-e66e-46b9-be58-7d0e16e23f76}</UniqueIdentifier>
    </Filter>
  </ItemGroup>
  <ItemGroup>
    <None Include="Engine\shaders\frag.glsl" />
    <None Include="Engine\shaders\vertex.glsl" />
  </ItemGroup>
  <ItemGroup>
    <Image Include="Game\assets\test.png" />
    <Image Include="Game\assets\awesomeface.png" />
    <Image Include="Game\assets\pelota.png" />
    <Image Include="Game\assets\block.png" />
    <Image Include="Game\assets\ball.png" />
    <Image Include="Game\assets\background.jpg" />
    <Image Include="Game\assets\paddle.png" />
    <Image Include="Game\assets\block_solid.png" />
  </ItemGroup>
  <ItemGroup>
    <Text Include="1.txt" />
  </ItemGroup>
</Project>